
Microsoft Visual Studio Solution File, Format Version 12.00
Project("{FAE04EC0-301F-11D3-BF4B-00C04F79EFBC}") = "AwsCognitoSample", "AwsCognitoSample\AwsCognitoSample.csproj", "{735DBF8F-104B-4EC1-A9D5-0AE63AA9F92B}"
EndProject
Global
	GlobalSection(SolutionConfigurationPlatforms) = preSolution
		Debug|Any CPU = Debug|Any CPU
		Release|Any CPU = Release|Any CPU
	EndGlobalSection
	GlobalSection(ProjectConfigurationPlatforms) = postSolution
		{735DBF8F-104B-4EC1-A9D5-0AE63AA9F92B}.Debug|Any CPU.ActiveCfg = Debug|Any CPU
		{735DBF8F-104B-4EC1-A9D5-0AE63AA9F92B}.Debug|Any CPU.Build.0 = Debug|Any CPU
		{735DBF8F-104B-4EC1-A9D5-0AE63AA9F92B}.Release|Any CPU.ActiveCfg = Release|Any CPU
		{735DBF8F-104B-4EC1-A9D5-0AE63AA9F92B}.Release|Any CPU.Build.0 = Release|Any CPU
	EndGlobalSection
EndGlobal
